// !$*UTF8*$!
{
	archiveVersion = 1;
	classes = {
	};
	objectVersion = 56;
	objects = {

/* Begin PBXBuildFile section */
		3B95ECAC2BA28F47007999FB /* Chatapp1345App.swift in Sources */ = {isa = PBXBuildFile; fileRef = 3B95ECAB2BA28F47007999FB /* Chatapp1345App.swift */; };
		3B95ECB02BA28F48007999FB /* Assets.xcassets in Resources */ = {isa = PBXBuildFile; fileRef = 3B95ECAF2BA28F48007999FB /* Assets.xcassets */; };
		3B95ECB32BA28F48007999FB /* Preview Assets.xcassets in Resources */ = {isa = PBXBuildFile; fileRef = 3B95ECB22BA28F48007999FB /* Preview Assets.xcassets */; };
		3B95ECBB2BA2909B007999FB /* FirebaseAnalytics in Frameworks */ = {isa = PBXBuildFile; productRef = 3B95ECBA2BA2909B007999FB /* FirebaseAnalytics */; };
		3B95ECBD2BA2909B007999FB /* FirebaseAnalyticsOnDeviceConversion in Frameworks */ = {isa = PBXBuildFile; productRef = 3B95ECBC2BA2909B007999FB /* FirebaseAnalyticsOnDeviceConversion */; };
		3B95ECBF2BA2909B007999FB /* FirebaseAnalyticsSwift in Frameworks */ = {isa = PBXBuildFile; productRef = 3B95ECBE2BA2909B007999FB /* FirebaseAnalyticsSwift */; };
		3B95ECC12BA2909B007999FB /* FirebaseAnalyticsWithoutAdIdSupport in Frameworks */ = {isa = PBXBuildFile; productRef = 3B95ECC02BA2909B007999FB /* FirebaseAnalyticsWithoutAdIdSupport */; };
		3B95ECC32BA2909B007999FB /* FirebaseAppCheck in Frameworks */ = {isa = PBXBuildFile; productRef = 3B95ECC22BA2909B007999FB /* FirebaseAppCheck */; };
		3B95ECC52BA2909B007999FB /* FirebaseAppDistribution-Beta in Frameworks */ = {isa = PBXBuildFile; productRef = 3B95ECC42BA2909B007999FB /* FirebaseAppDistribution-Beta */; };
		3B95ECC72BA2909B007999FB /* FirebaseAuth in Frameworks */ = {isa = PBXBuildFile; productRef = 3B95ECC62BA2909B007999FB /* FirebaseAuth */; };
		3B95ECC92BA2909B007999FB /* FirebaseAuthCombine-Community in Frameworks */ = {isa = PBXBuildFile; productRef = 3B95ECC82BA2909B007999FB /* FirebaseAuthCombine-Community */; };
		3B95ECCB2BA2909B007999FB /* FirebaseCrashlytics in Frameworks */ = {isa = PBXBuildFile; productRef = 3B95ECCA2BA2909B007999FB /* FirebaseCrashlytics */; };
		3B95ECCD2BA2909B007999FB /* FirebaseDatabase in Frameworks */ = {isa = PBXBuildFile; productRef = 3B95ECCC2BA2909B007999FB /* FirebaseDatabase */; };
		3B95ECCF2BA2909B007999FB /* FirebaseDatabaseSwift in Frameworks */ = {isa = PBXBuildFile; productRef = 3B95ECCE2BA2909B007999FB /* FirebaseDatabaseSwift */; };
		3B95ECD12BA2909B007999FB /* FirebaseDynamicLinks in Frameworks */ = {isa = PBXBuildFile; productRef = 3B95ECD02BA2909B007999FB /* FirebaseDynamicLinks */; };
		3B95ECD32BA2909B007999FB /* FirebaseFirestore in Frameworks */ = {isa = PBXBuildFile; productRef = 3B95ECD22BA2909B007999FB /* FirebaseFirestore */; };
		3B95ECD52BA2909B007999FB /* FirebaseFirestoreCombine-Community in Frameworks */ = {isa = PBXBuildFile; productRef = 3B95ECD42BA2909B007999FB /* FirebaseFirestoreCombine-Community */; };
		3B95ECD72BA2909B007999FB /* FirebaseFirestoreSwift in Frameworks */ = {isa = PBXBuildFile; productRef = 3B95ECD62BA2909B007999FB /* FirebaseFirestoreSwift */; };
		3B95ECD92BA2909B007999FB /* FirebaseFunctions in Frameworks */ = {isa = PBXBuildFile; productRef = 3B95ECD82BA2909B007999FB /* FirebaseFunctions */; };
		3B95ECDB2BA2909B007999FB /* FirebaseFunctionsCombine-Community in Frameworks */ = {isa = PBXBuildFile; productRef = 3B95ECDA2BA2909B007999FB /* FirebaseFunctionsCombine-Community */; };
		3B95ECDD2BA2909B007999FB /* FirebaseInAppMessaging-Beta in Frameworks */ = {isa = PBXBuildFile; productRef = 3B95ECDC2BA2909B007999FB /* FirebaseInAppMessaging-Beta */; };
		3B95ECDF2BA2909B007999FB /* FirebaseInAppMessagingSwift-Beta in Frameworks */ = {isa = PBXBuildFile; productRef = 3B95ECDE2BA2909B007999FB /* FirebaseInAppMessagingSwift-Beta */; };
		3B95ECE12BA2909B007999FB /* FirebaseInstallations in Frameworks */ = {isa = PBXBuildFile; productRef = 3B95ECE02BA2909B007999FB /* FirebaseInstallations */; };
		3B95ECE32BA2909B007999FB /* FirebaseMLModelDownloader in Frameworks */ = {isa = PBXBuildFile; productRef = 3B95ECE22BA2909B007999FB /* FirebaseMLModelDownloader */; };
		3B95ECE52BA2909B007999FB /* FirebaseMessaging in Frameworks */ = {isa = PBXBuildFile; productRef = 3B95ECE42BA2909B007999FB /* FirebaseMessaging */; };
		3B95ECE72BA2909B007999FB /* FirebasePerformance in Frameworks */ = {isa = PBXBuildFile; productRef = 3B95ECE62BA2909B007999FB /* FirebasePerformance */; };
		3B95ECE92BA2909B007999FB /* FirebaseRemoteConfig in Frameworks */ = {isa = PBXBuildFile; productRef = 3B95ECE82BA2909B007999FB /* FirebaseRemoteConfig */; };
		3B95ECEB2BA2909B007999FB /* FirebaseRemoteConfigSwift in Frameworks */ = {isa = PBXBuildFile; productRef = 3B95ECEA2BA2909B007999FB /* FirebaseRemoteConfigSwift */; };
		3B95ECED2BA2909B007999FB /* FirebaseStorage in Frameworks */ = {isa = PBXBuildFile; productRef = 3B95ECEC2BA2909B007999FB /* FirebaseStorage */; };
		3B95ECEF2BA2909B007999FB /* FirebaseStorageCombine-Community in Frameworks */ = {isa = PBXBuildFile; productRef = 3B95ECEE2BA2909B007999FB /* FirebaseStorageCombine-Community */; };
		3B95ECF12BA29115007999FB /* MessageView.swift in Sources */ = {isa = PBXBuildFile; fileRef = 3B95ECF02BA29115007999FB /* MessageView.swift */; };
		3B95ECF32BA29129007999FB /* MessageRow.swift in Sources */ = {isa = PBXBuildFile; fileRef = 3B95ECF22BA29129007999FB /* MessageRow.swift */; };
		3B95ECF52BA2913E007999FB /* MessageViewModel.swift in Sources */ = {isa = PBXBuildFile; fileRef = 3B95ECF42BA2913E007999FB /* MessageViewModel.swift */; };
		3B95ECF72BA291BF007999FB /* MessageElement.swift in Sources */ = {isa = PBXBuildFile; fileRef = 3B95ECF62BA291BF007999FB /* MessageElement.swift */; };
		3B95ECF92BA29747007999FB /* GoogleService-Info.plist in Resources */ = {isa = PBXBuildFile; fileRef = 3B95ECF82BA29747007999FB /* GoogleService-Info.plist */; };
		3B95ECFB2BA298F1007999FB /* ContentView.swift in Sources */ = {isa = PBXBuildFile; fileRef = 3B95ECFA2BA298F1007999FB /* ContentView.swift */; };
/* End PBXBuildFile section */

/* Begin PBXFileReference section */
		3B95ECA82BA28F47007999FB /* Chatapp1345.app */ = {isa = PBXFileReference; explicitFileType = wrapper.application; includeInIndex = 0; path = Chatapp1345.app; sourceTree = BUILT_PRODUCTS_DIR; };
		3B95ECAB2BA28F47007999FB /* Chatapp1345App.swift */ = {isa = PBXFileReference; lastKnownFileType = sourcecode.swift; path = Chatapp1345App.swift; sourceTree = "<group>"; };
		3B95ECAF2BA28F48007999FB /* Assets.xcassets */ = {isa = PBXFileReference; lastKnownFileType = folder.assetcatalog; path = Assets.xcassets; sourceTree = "<group>"; };
		3B95ECB22BA28F48007999FB /* Preview Assets.xcassets */ = {isa = PBXFileReference; lastKnownFileType = folder.assetcatalog; path = "Preview Assets.xcassets"; sourceTree = "<group>"; };
		3B95ECF02BA29115007999FB /* MessageView.swift */ = {isa = PBXFileReference; lastKnownFileType = sourcecode.swift; path = MessageView.swift; sourceTree = "<group>"; };
		3B95ECF22BA29129007999FB /* MessageRow.swift */ = {isa = PBXFileReference; lastKnownFileType = sourcecode.swift; path = MessageRow.swift; sourceTree = "<group>"; };
		3B95ECF42BA2913E007999FB /* MessageViewModel.swift */ = {isa = PBXFileReference; lastKnownFileType = sourcecode.swift; path = MessageViewModel.swift; sourceTree = "<group>"; };
		3B95ECF62BA291BF007999FB /* MessageElement.swift */ = {isa = PBXFileReference; lastKnownFileType = sourcecode.swift; path = MessageElement.swift; sourceTree = "<group>"; };
		3B95ECF82BA29747007999FB /* GoogleService-Info.plist */ = {isa = PBXFileReference; fileEncoding = 4; lastKnownFileType = text.plist.xml; path = "GoogleService-Info.plist"; sourceTree = "<group>"; };
		3B95ECFA2BA298F1007999FB /* ContentView.swift */ = {isa = PBXFileReference; lastKnownFileType = sourcecode.swift; path = ContentView.swift; sourceTree = "<group>"; };
/* End PBXFileReference section */

/* Begin PBXFrameworksBuildPhase section */
		3B95ECA52BA28F47007999FB /* Frameworks */ = {
			isa = PBXFrameworksBuildPhase;
			buildActionMask = 2147483647;
			files = (
				3B95ECCD2BA2909B007999FB /* FirebaseDatabase in Frameworks */,
				3B95ECDB2BA2909B007999FB /* FirebaseFunctionsCombine-Community in Frameworks */,
				3B95ECD32BA2909B007999FB /* FirebaseFirestore in Frameworks */,
				3B95ECBF2BA2909B007999FB /* FirebaseAnalyticsSwift in Frameworks */,
				3B95ECBB2BA2909B007999FB /* FirebaseAnalytics in Frameworks */,
				3B95ECBD2BA2909B007999FB /* FirebaseAnalyticsOnDeviceConversion in Frameworks */,
				3B95ECE32BA2909B007999FB /* FirebaseMLModelDownloader in Frameworks */,
				3B95ECD72BA2909B007999FB /* FirebaseFirestoreSwift in Frameworks */,
				3B95ECC32BA2909B007999FB /* FirebaseAppCheck in Frameworks */,
				3B95ECC12BA2909B007999FB /* FirebaseAnalyticsWithoutAdIdSupport in Frameworks */,
				3B95ECC72BA2909B007999FB /* FirebaseAuth in Frameworks */,
				3B95ECCB2BA2909B007999FB /* FirebaseCrashlytics in Frameworks */,
				3B95ECEB2BA2909B007999FB /* FirebaseRemoteConfigSwift in Frameworks */,
				3B95ECDD2BA2909B007999FB /* FirebaseInAppMessaging-Beta in Frameworks */,
				3B95ECCF2BA2909B007999FB /* FirebaseDatabaseSwift in Frameworks */,
				3B95ECD92BA2909B007999FB /* FirebaseFunctions in Frameworks */,
				3B95ECEF2BA2909B007999FB /* FirebaseStorageCombine-Community in Frameworks */,
				3B95ECE92BA2909B007999FB /* FirebaseRemoteConfig in Frameworks */,
				3B95ECC52BA2909B007999FB /* FirebaseAppDistribution-Beta in Frameworks */,
				3B95ECC92BA2909B007999FB /* FirebaseAuthCombine-Community in Frameworks */,
				3B95ECE72BA2909B007999FB /* FirebasePerformance in Frameworks */,
				3B95ECDF2BA2909B007999FB /* FirebaseInAppMessagingSwift-Beta in Frameworks */,
				3B95ECED2BA2909B007999FB /* FirebaseStorage in Frameworks */,
				3B95ECD12BA2909B007999FB /* FirebaseDynamicLinks in Frameworks */,
				3B95ECD52BA2909B007999FB /* FirebaseFirestoreCombine-Community in Frameworks */,
				3B95ECE52BA2909B007999FB /* FirebaseMessaging in Frameworks */,
				3B95ECE12BA2909B007999FB /* FirebaseInstallations in Frameworks */,
			);
			runOnlyForDeploymentPostprocessing = 0;
		};
/* End PBXFrameworksBuildPhase section */

/* Begin PBXGroup section */
		3B95EC9F2BA28F47007999FB = {
			isa = PBXGroup;
			children = (
				3B95ECAA2BA28F47007999FB /* Chatapp1345 */,
				3B95ECA92BA28F47007999FB /* Products */,
			);
			sourceTree = "<group>";
		};
		3B95ECA92BA28F47007999FB /* Products */ = {
			isa = PBXGroup;
			children = (
				3B95ECA82BA28F47007999FB /* Chatapp1345.app */,
			);
			name = Products;
			sourceTree = "<group>";
		};
		3B95ECAA2BA28F47007999FB /* Chatapp1345 */ = {
			isa = PBXGroup;
			children = (
				3B95ECAB2BA28F47007999FB /* Chatapp1345App.swift */,
				3B95ECFA2BA298F1007999FB /* ContentView.swift */,
				3B95ECF02BA29115007999FB /* MessageView.swift */,
				3B95ECF22BA29129007999FB /* MessageRow.swift */,
				3B95ECF82BA29747007999FB /* GoogleService-Info.plist */,
				3B95ECF42BA2913E007999FB /* MessageViewModel.swift */,
				3B95ECF62BA291BF007999FB /* MessageElement.swift */,
				3B95ECAF2BA28F48007999FB /* Assets.xcassets */,
				3B95ECB12BA28F48007999FB /* Preview Content */,
			);
			path = Chatapp1345;
			sourceTree = "<group>";
		};
		3B95ECB12BA28F48007999FB /* Preview Content */ = {
			isa = PBXGroup;
			children = (
				3B95ECB22BA28F48007999FB /* Preview Assets.xcassets */,
			);
			path = "Preview Content";
			sourceTree = "<group>";
		};
/* End PBXGroup section */

/* Begin PBXNativeTarget section */
		3B95ECA72BA28F47007999FB /* Chatapp1345 */ = {
			isa = PBXNativeTarget;
			buildConfigurationList = 3B95ECB62BA28F48007999FB /* Build configuration list for PBXNativeTarget "Chatapp1345" */;
			buildPhases = (
				3B95ECA42BA28F47007999FB /* Sources */,
				3B95ECA52BA28F47007999FB /* Frameworks */,
				3B95ECA62BA28F47007999FB /* Resources */,
			);
			buildRules = (
			);
			dependencies = (
			);
			name = Chatapp1345;
			packageProductDependencies = (
				3B95ECBA2BA2909B007999FB /* FirebaseAnalytics */,
				3B95ECBC2BA2909B007999FB /* FirebaseAnalyticsOnDeviceConversion */,
				3B95ECBE2BA2909B007999FB /* FirebaseAnalyticsSwift */,
				3B95ECC02BA2909B007999FB /* FirebaseAnalyticsWithoutAdIdSupport */,
				3B95ECC22BA2909B007999FB /* FirebaseAppCheck */,
				3B95ECC42BA2909B007999FB /* FirebaseAppDistribution-Beta */,
				3B95ECC62BA2909B007999FB /* FirebaseAuth */,
				3B95ECC82BA2909B007999FB /* FirebaseAuthCombine-Community */,
				3B95ECCA2BA2909B007999FB /* FirebaseCrashlytics */,
				3B95ECCC2BA2909B007999FB /* FirebaseDatabase */,
				3B95ECCE2BA2909B007999FB /* FirebaseDatabaseSwift */,
				3B95ECD02BA2909B007999FB /* FirebaseDynamicLinks */,
				3B95ECD22BA2909B007999FB /* FirebaseFirestore */,
				3B95ECD42BA2909B007999FB /* FirebaseFirestoreCombine-Community */,
				3B95ECD62BA2909B007999FB /* FirebaseFirestoreSwift */,
				3B95ECD82BA2909B007999FB /* FirebaseFunctions */,
				3B95ECDA2BA2909B007999FB /* FirebaseFunctionsCombine-Community */,
				3B95ECDC2BA2909B007999FB /* FirebaseInAppMessaging-Beta */,
				3B95ECDE2BA2909B007999FB /* FirebaseInAppMessagingSwift-Beta */,
				3B95ECE02BA2909B007999FB /* FirebaseInstallations */,
				3B95ECE22BA2909B007999FB /* FirebaseMLModelDownloader */,
				3B95ECE42BA2909B007999FB /* FirebaseMessaging */,
				3B95ECE62BA2909B007999FB /* FirebasePerformance */,
				3B95ECE82BA2909B007999FB /* FirebaseRemoteConfig */,
				3B95ECEA2BA2909B007999FB /* FirebaseRemoteConfigSwift */,
				3B95ECEC2BA2909B007999FB /* FirebaseStorage */,
				3B95ECEE2BA2909B007999FB /* FirebaseStorageCombine-Community */,
			);
			productName = Chatapp1345;
			productReference = 3B95ECA82BA28F47007999FB /* Chatapp1345.app */;
			productType = "com.apple.product-type.application";
		};
/* End PBXNativeTarget section */

/* Begin PBXProject section */
		3B95ECA02BA28F47007999FB /* Project object */ = {
			isa = PBXProject;
			attributes = {
				BuildIndependentTargetsInParallel = 1;
				LastSwiftUpdateCheck = 1500;
				LastUpgradeCheck = 1500;
				TargetAttributes = {
					3B95ECA72BA28F47007999FB = {
						CreatedOnToolsVersion = 15.0.1;
					};
				};
			};
			buildConfigurationList = 3B95ECA32BA28F47007999FB /* Build configuration list for PBXProject "Chatapp1345" */;
			compatibilityVersion = "Xcode 14.0";
			developmentRegion = en;
			hasScannedForEncodings = 0;
			knownRegions = (
				en,
				Base,
			);
			mainGroup = 3B95EC9F2BA28F47007999FB;
			packageReferences = (
				3B95ECB92BA2909B007999FB /* XCRemoteSwiftPackageReference "firebase-ios-sdk" */,
			);
			productRefGroup = 3B95ECA92BA28F47007999FB /* Products */;
			projectDirPath = "";
			projectRoot = "";
			targets = (
				3B95ECA72BA28F47007999FB /* Chatapp1345 */,
			);
		};
/* End PBXProject section */

/* Begin PBXResourcesBuildPhase section */
		3B95ECA62BA28F47007999FB /* Resources */ = {
			isa = PBXResourcesBuildPhase;
			buildActionMask = 2147483647;
			files = (
				3B95ECB32BA28F48007999FB /* Preview Assets.xcassets in Resources */,
				3B95ECB02BA28F48007999FB /* Assets.xcassets in Resources */,
				3B95ECF92BA29747007999FB /* GoogleService-Info.plist in Resources */,
			);
			runOnlyForDeploymentPostprocessing = 0;
		};
/* End PBXResourcesBuildPhase section */

/* Begin PBXSourcesBuildPhase section */
		3B95ECA42BA28F47007999FB /* Sources */ = {
			isa = PBXSourcesBuildPhase;
			buildActionMask = 2147483647;
			files = (
				3B95ECF32BA29129007999FB /* MessageRow.swift in Sources */,
				3B95ECF12BA29115007999FB /* MessageView.swift in Sources */,
				3B95ECFB2BA298F1007999FB /* ContentView.swift in Sources */,
				3B95ECF72BA291BF007999FB /* MessageElement.swift in Sources */,
				3B95ECF52BA2913E007999FB /* MessageViewModel.swift in Sources */,
				3B95ECAC2BA28F47007999FB /* Chatapp1345App.swift in Sources */,
			);
			runOnlyForDeploymentPostprocessing = 0;
		};
/* End PBXSourcesBuildPhase section */

/* Begin XCBuildConfiguration section */
		3B95ECB42BA28F48007999FB /* Debug */ = {
			isa = XCBuildConfiguration;
			buildSettings = {
				ALWAYS_SEARCH_USER_PATHS = NO;
				ASSETCATALOG_COMPILER_GENERATE_SWIFT_ASSET_SYMBOL_EXTENSIONS = YES;
				CLANG_ANALYZER_NONNULL = YES;
				CLANG_ANALYZER_NUMBER_OBJECT_CONVERSION = YES_AGGRESSIVE;
				CLANG_CXX_LANGUAGE_STANDARD = "gnu++20";
				CLANG_ENABLE_MODULES = YES;
				CLANG_ENABLE_OBJC_ARC = YES;
				CLANG_ENABLE_OBJC_WEAK = YES;
				CLANG_WARN_BLOCK_CAPTURE_AUTORELEASING = YES;
				CLANG_WARN_BOOL_CONVERSION = YES;
				CLANG_WARN_COMMA = YES;
				CLANG_WARN_CONSTANT_CONVERSION = YES;
				CLANG_WARN_DEPRECATED_OBJC_IMPLEMENTATIONS = YES;
				CLANG_WARN_DIRECT_OBJC_ISA_USAGE = YES_ERROR;
				CLANG_WARN_DOCUMENTATION_COMMENTS = YES;
				CLANG_WARN_EMPTY_BODY = YES;
				CLANG_WARN_ENUM_CONVERSION = YES;
				CLANG_WARN_INFINITE_RECURSION = YES;
				CLANG_WARN_INT_CONVERSION = YES;
				CLANG_WARN_NON_LITERAL_NULL_CONVERSION = YES;
				CLANG_WARN_OBJC_IMPLICIT_RETAIN_SELF = YES;
				CLANG_WARN_OBJC_LITERAL_CONVERSION = YES;
				CLANG_WARN_OBJC_ROOT_CLASS = YES_ERROR;
				CLANG_WARN_QUOTED_INCLUDE_IN_FRAMEWORK_HEADER = YES;
				CLANG_WARN_RANGE_LOOP_ANALYSIS = YES;
				CLANG_WARN_STRICT_PROTOTYPES = YES;
				CLANG_WARN_SUSPICIOUS_MOVE = YES;
				CLANG_WARN_UNGUARDED_AVAILABILITY = YES_AGGRESSIVE;
				CLANG_WARN_UNREACHABLE_CODE = YES;
				CLANG_WARN__DUPLICATE_METHOD_MATCH = YES;
				COPY_PHASE_STRIP = NO;
				DEBUG_INFORMATION_FORMAT = dwarf;
				ENABLE_STRICT_OBJC_MSGSEND = YES;
				ENABLE_TESTABILITY = YES;
				ENABLE_USER_SCRIPT_SANDBOXING = YES;
				GCC_C_LANGUAGE_STANDARD = gnu17;
				GCC_DYNAMIC_NO_PIC = NO;
				GCC_NO_COMMON_BLOCKS = YES;
				GCC_OPTIMIZATION_LEVEL = 0;
				GCC_PREPROCESSOR_DEFINITIONS = (
					"DEBUG=1",
					"$(inherited)",
				);
				GCC_WARN_64_TO_32_BIT_CONVERSION = YES;
				GCC_WARN_ABOUT_RETURN_TYPE = YES_ERROR;
				GCC_WARN_UNDECLARED_SELECTOR = YES;
				GCC_WARN_UNINITIALIZED_AUTOS = YES_AGGRESSIVE;
				GCC_WARN_UNUSED_FUNCTION = YES;
				GCC_WARN_UNUSED_VARIABLE = YES;
				IPHONEOS_DEPLOYMENT_TARGET = 17.0;
				LOCALIZATION_PREFERS_STRING_CATALOGS = YES;
				MTL_ENABLE_DEBUG_INFO = INCLUDE_SOURCE;
				MTL_FAST_MATH = YES;
				ONLY_ACTIVE_ARCH = YES;
				SDKROOT = iphoneos;
				SWIFT_ACTIVE_COMPILATION_CONDITIONS = "DEBUG $(inherited)";
				SWIFT_OPTIMIZATION_LEVEL = "-Onone";
			};
			name = Debug;
		};
		3B95ECB52BA28F48007999FB /* Release */ = {
			isa = XCBuildConfiguration;
			buildSettings = {
				ALWAYS_SEARCH_USER_PATHS = NO;
				ASSETCATALOG_COMPILER_GENERATE_SWIFT_ASSET_SYMBOL_EXTENSIONS = YES;
				CLANG_ANALYZER_NONNULL = YES;
				CLANG_ANALYZER_NUMBER_OBJECT_CONVERSION = YES_AGGRESSIVE;
				CLANG_CXX_LANGUAGE_STANDARD = "gnu++20";
				CLANG_ENABLE_MODULES = YES;
				CLANG_ENABLE_OBJC_ARC = YES;
				CLANG_ENABLE_OBJC_WEAK = YES;
				CLANG_WARN_BLOCK_CAPTURE_AUTORELEASING = YES;
				CLANG_WARN_BOOL_CONVERSION = YES;
				CLANG_WARN_COMMA = YES;
				CLANG_WARN_CONSTANT_CONVERSION = YES;
				CLANG_WARN_DEPRECATED_OBJC_IMPLEMENTATIONS = YES;
				CLANG_WARN_DIRECT_OBJC_ISA_USAGE = YES_ERROR;
				CLANG_WARN_DOCUMENTATION_COMMENTS = YES;
				CLANG_WARN_EMPTY_BODY = YES;
				CLANG_WARN_ENUM_CONVERSION = YES;
				CLANG_WARN_INFINITE_RECURSION = YES;
				CLANG_WARN_INT_CONVERSION = YES;
				CLANG_WARN_NON_LITERAL_NULL_CONVERSION = YES;
				CLANG_WARN_OBJC_IMPLICIT_RETAIN_SELF = YES;
				CLANG_WARN_OBJC_LITERAL_CONVERSION = YES;
				CLANG_WARN_OBJC_ROOT_CLASS = YES_ERROR;
				CLANG_WARN_QUOTED_INCLUDE_IN_FRAMEWORK_HEADER = YES;
				CLANG_WARN_RANGE_LOOP_ANALYSIS = YES;
				CLANG_WARN_STRICT_PROTOTYPES = YES;
				CLANG_WARN_SUSPICIOUS_MOVE = YES;
				CLANG_WARN_UNGUARDED_AVAILABILITY = YES_AGGRESSIVE;
				CLANG_WARN_UNREACHABLE_CODE = YES;
				CLANG_WARN__DUPLICATE_METHOD_MATCH = YES;
				COPY_PHASE_STRIP = NO;
				DEBUG_INFORMATION_FORMAT = "dwarf-with-dsym";
				ENABLE_NS_ASSERTIONS = NO;
				ENABLE_STRICT_OBJC_MSGSEND = YES;
				ENABLE_USER_SCRIPT_SANDBOXING = YES;
				GCC_C_LANGUAGE_STANDARD = gnu17;
				GCC_NO_COMMON_BLOCKS = YES;
				GCC_WARN_64_TO_32_BIT_CONVERSION = YES;
				GCC_WARN_ABOUT_RETURN_TYPE = YES_ERROR;
				GCC_WARN_UNDECLARED_SELECTOR = YES;
				GCC_WARN_UNINITIALIZED_AUTOS = YES_AGGRESSIVE;
				GCC_WARN_UNUSED_FUNCTION = YES;
				GCC_WARN_UNUSED_VARIABLE = YES;
				IPHONEOS_DEPLOYMENT_TARGET = 17.0;
				LOCALIZATION_PREFERS_STRING_CATALOGS = YES;
				MTL_ENABLE_DEBUG_INFO = NO;
				MTL_FAST_MATH = YES;
				SDKROOT = iphoneos;
				SWIFT_COMPILATION_MODE = wholemodule;
				VALIDATE_PRODUCT = YES;
			};
			name = Release;
		};
		3B95ECB72BA28F48007999FB /* Debug */ = {
			isa = XCBuildConfiguration;
			buildSettings = {
				ASSETCATALOG_COMPILER_APPICON_NAME = AppIcon;
				ASSETCATALOG_COMPILER_GLOBAL_ACCENT_COLOR_NAME = AccentColor;
				CODE_SIGN_STYLE = Automatic;
				CURRENT_PROJECT_VERSION = 1;
				DEVELOPMENT_ASSET_PATHS = "\"Chatapp1345/Preview Content\"";
				DEVELOPMENT_TEAM = 922N7TF68N;
				ENABLE_PREVIEWS = YES;
				GENERATE_INFOPLIST_FILE = YES;
				INFOPLIST_KEY_UIApplicationSceneManifest_Generation = YES;
				INFOPLIST_KEY_UIApplicationSupportsIndirectInputEvents = YES;
				INFOPLIST_KEY_UILaunchScreen_Generation = YES;
				INFOPLIST_KEY_UISupportedInterfaceOrientations_iPad = "UIInterfaceOrientationPortrait UIInterfaceOrientationPortraitUpsideDown UIInterfaceOrientationLandscapeLeft UIInterfaceOrientationLandscapeRight";
				INFOPLIST_KEY_UISupportedInterfaceOrientations_iPhone = "UIInterfaceOrientationPortrait UIInterfaceOrientationLandscapeLeft UIInterfaceOrientationLandscapeRight";
				LD_RUNPATH_SEARCH_PATHS = (
					"$(inherited)",
					"@executable_path/Frameworks",
				);
				MARKETING_VERSION = 1.0;
				PRODUCT_BUNDLE_IDENTIFIER = "Swift-Beginners.Chatapp1345";
				PRODUCT_NAME = "$(TARGET_NAME)";
				SWIFT_EMIT_LOC_STRINGS = YES;
				SWIFT_VERSION = 5.0;
				TARGETED_DEVICE_FAMILY = "1,2";
			};
			name = Debug;
		};
		3B95ECB82BA28F48007999FB /* Release */ = {
			isa = XCBuildConfiguration;
			buildSettings = {
				ASSETCATALOG_COMPILER_APPICON_NAME = AppIcon;
				ASSETCATALOG_COMPILER_GLOBAL_ACCENT_COLOR_NAME = AccentColor;
				CODE_SIGN_STYLE = Automatic;
				CURRENT_PROJECT_VERSION = 1;
				DEVELOPMENT_ASSET_PATHS = "\"Chatapp1345/Preview Content\"";
				DEVELOPMENT_TEAM = 922N7TF68N;
				ENABLE_PREVIEWS = YES;
				GENERATE_INFOPLIST_FILE = YES;
				INFOPLIST_KEY_UIApplicationSceneManifest_Generation = YES;
				INFOPLIST_KEY_UIApplicationSupportsIndirectInputEvents = YES;
				INFOPLIST_KEY_UILaunchScreen_Generation = YES;
				INFOPLIST_KEY_UISupportedInterfaceOrientations_iPad = "UIInterfaceOrientationPortrait UIInterfaceOrientationPortraitUpsideDown UIInterfaceOrientationLandscapeLeft UIInterfaceOrientationLandscapeRight";
				INFOPLIST_KEY_UISupportedInterfaceOrientations_iPhone = "UIInterfaceOrientationPortrait UIInterfaceOrientationLandscapeLeft UIInterfaceOrientationLandscapeRight";
				LD_RUNPATH_SEARCH_PATHS = (
					"$(inherited)",
					"@executable_path/Frameworks",
				);
				MARKETING_VERSION = 1.0;
				PRODUCT_BUNDLE_IDENTIFIER = "Swift-Beginners.Chatapp1345";
				PRODUCT_NAME = "$(TARGET_NAME)";
				SWIFT_EMIT_LOC_STRINGS = YES;
				SWIFT_VERSION = 5.0;
				TARGETED_DEVICE_FAMILY = "1,2";
			};
			name = Release;
		};
/* End XCBuildConfiguration section */

/* Begin XCConfigurationList section */
		3B95ECA32BA28F47007999FB /* Build configuration list for PBXProject "Chatapp1345" */ = {
			isa = XCConfigurationList;
			buildConfigurations = (
				3B95ECB42BA28F48007999FB /* Debug */,
				3B95ECB52BA28F48007999FB /* Release */,
			);
			defaultConfigurationIsVisible = 0;
			defaultConfigurationName = Release;
		};
		3B95ECB62BA28F48007999FB /* Build configuration list for PBXNativeTarget "Chatapp1345" */ = {
			isa = XCConfigurationList;
			buildConfigurations = (
				3B95ECB72BA28F48007999FB /* Debug */,
				3B95ECB82BA28F48007999FB /* Release */,
			);
			defaultConfigurationIsVisible = 0;
			defaultConfigurationName = Release;
		};
/* End XCConfigurationList section */

/* Begin XCRemoteSwiftPackageReference section */
		3B95ECB92BA2909B007999FB /* XCRemoteSwiftPackageReference "firebase-ios-sdk" */ = {
			isa = XCRemoteSwiftPackageReference;
			repositoryURL = "https://github.com/firebase/firebase-ios-sdk.git";
			requirement = {
				kind = upToNextMajorVersion;
				minimumVersion = 10.22.1;
			};
		};
/* End XCRemoteSwiftPackageReference section */

/* Begin XCSwiftPackageProductDependency section */
		3B95ECBA2BA2909B007999FB /* FirebaseAnalytics */ = {
			isa = XCSwiftPackageProductDependency;
			package = 3B95ECB92BA2909B007999FB /* XCRemoteSwiftPackageReference "firebase-ios-sdk" */;
			productName = FirebaseAnalytics;
		};
		3B95ECBC2BA2909B007999FB /* FirebaseAnalyticsOnDeviceConversion */ = {
			isa = XCSwiftPackageProductDependency;
			package = 3B95ECB92BA2909B007999FB /* XCRemoteSwiftPackageReference "firebase-ios-sdk" */;
			productName = FirebaseAnalyticsOnDeviceConversion;
		};
		3B95ECBE2BA2909B007999FB /* FirebaseAnalyticsSwift */ = {
			isa = XCSwiftPackageProductDependency;
			package = 3B95ECB92BA2909B007999FB /* XCRemoteSwiftPackageReference "firebase-ios-sdk" */;
			productName = FirebaseAnalyticsSwift;
		};
		3B95ECC02BA2909B007999FB /* FirebaseAnalyticsWithoutAdIdSupport */ = {
			isa = XCSwiftPackageProductDependency;
			package = 3B95ECB92BA2909B007999FB /* XCRemoteSwiftPackageReference "firebase-ios-sdk" */;
			productName = FirebaseAnalyticsWithoutAdIdSupport;
		};
		3B95ECC22BA2909B007999FB /* FirebaseAppCheck */ = {
			isa = XCSwiftPackageProductDependency;
			package = 3B95ECB92BA2909B007999FB /* XCRemoteSwiftPackageReference "firebase-ios-sdk" */;
			productName = FirebaseAppCheck;
		};
		3B95ECC42BA2909B007999FB /* FirebaseAppDistribution-Beta */ = {
			isa = XCSwiftPackageProductDependency;
			package = 3B95ECB92BA2909B007999FB /* XCRemoteSwiftPackageReference "firebase-ios-sdk" */;
			productName = "FirebaseAppDistribution-Beta";
		};
		3B95ECC62BA2909B007999FB /* FirebaseAuth */ = {
			isa = XCSwiftPackageProductDependency;
			package = 3B95ECB92BA2909B007999FB /* XCRemoteSwiftPackageReference "firebase-ios-sdk" */;
			productName = FirebaseAuth;
		};
		3B95ECC82BA2909B007999FB /* FirebaseAuthCombine-Community */ = {
			isa = XCSwiftPackageProductDependency;
			package = 3B95ECB92BA2909B007999FB /* XCRemoteSwiftPackageReference "firebase-ios-sdk" */;
			productName = "FirebaseAuthCombine-Community";
		};
		3B95ECCA2BA2909B007999FB /* FirebaseCrashlytics */ = {
			isa = XCSwiftPackageProductDependency;
			package = 3B95ECB92BA2909B007999FB /* XCRemoteSwiftPackageReference "firebase-ios-sdk" */;
			productName = FirebaseCrashlytics;
		};
		3B95ECCC2BA2909B007999FB /* FirebaseDatabase */ = {
			isa = XCSwiftPackageProductDependency;
			package = 3B95ECB92BA2909B007999FB /* XCRemoteSwiftPackageReference "firebase-ios-sdk" */;
			productName = FirebaseDatabase;
		};
		3B95ECCE2BA2909B007999FB /* FirebaseDatabaseSwift */ = {
			isa = XCSwiftPackageProductDependency;
			package = 3B95ECB92BA2909B007999FB /* XCRemoteSwiftPackageReference "firebase-ios-sdk" */;
			productName = FirebaseDatabaseSwift;
		};
		3B95ECD02BA2909B007999FB /* FirebaseDynamicLinks */ = {
			isa = XCSwiftPackageProductDependency;
			package = 3B95ECB92BA2909B007999FB /* XCRemoteSwiftPackageReference "firebase-ios-sdk" */;
			productName = FirebaseDynamicLinks;
		};
		3B95ECD22BA2909B007999FB /* FirebaseFirestore */ = {
			isa = XCSwiftPackageProductDependency;
			package = 3B95ECB92BA2909B007999FB /* XCRemoteSwiftPackageReference "firebase-ios-sdk" */;
			productName = FirebaseFirestore;
		};
		3B95ECD42BA2909B007999FB /* FirebaseFirestoreCombine-Community */ = {
			isa = XCSwiftPackageProductDependency;
			package = 3B95ECB92BA2909B007999FB /* XCRemoteSwiftPackageReference "firebase-ios-sdk" */;
			productName = "FirebaseFirestoreCombine-Community";
		};
		3B95ECD62BA2909B007999FB /* FirebaseFirestoreSwift */ = {
			isa = XCSwiftPackageProductDependency;
			package = 3B95ECB92BA2909B007999FB /* XCRemoteSwiftPackageReference "firebase-ios-sdk" */;
			productName = FirebaseFirestoreSwift;
		};
		3B95ECD82BA2909B007999FB /* FirebaseFunctions */ = {
			isa = XCSwiftPackageProductDependency;
			package = 3B95ECB92BA2909B007999FB /* XCRemoteSwiftPackageReference "firebase-ios-sdk" */;
			productName = FirebaseFunctions;
		};
		3B95ECDA2BA2909B007999FB /* FirebaseFunctionsCombine-Community */ = {
			isa = XCSwiftPackageProductDependency;
			package = 3B95ECB92BA2909B007999FB /* XCRemoteSwiftPackageReference "firebase-ios-sdk" */;
			productName = "FirebaseFunctionsCombine-Community";
		};
		3B95ECDC2BA2909B007999FB /* FirebaseInAppMessaging-Beta */ = {
			isa = XCSwiftPackageProductDependency;
			package = 3B95ECB92BA2909B007999FB /* XCRemoteSwiftPackageReference "firebase-ios-sdk" */;
			productName = "FirebaseInAppMessaging-Beta";
		};
		3B95ECDE2BA2909B007999FB /* FirebaseInAppMessagingSwift-Beta */ = {
			isa = XCSwiftPackageProductDependency;
			package = 3B95ECB92BA2909B007999FB /* XCRemoteSwiftPackageReference "firebase-ios-sdk" */;
			productName = "FirebaseInAppMessagingSwift-Beta";
		};
		3B95ECE02BA2909B007999FB /* FirebaseInstallations */ = {
			isa = XCSwiftPackageProductDependency;
			package = 3B95ECB92BA2909B007999FB /* XCRemoteSwiftPackageReference "firebase-ios-sdk" */;
			productName = FirebaseInstallations;
		};
		3B95ECE22BA2909B007999FB /* FirebaseMLModelDownloader */ = {
			isa = XCSwiftPackageProductDependency;
			package = 3B95ECB92BA2909B007999FB /* XCRemoteSwiftPackageReference "firebase-ios-sdk" */;
			productName = FirebaseMLModelDownloader;
		};
		3B95ECE42BA2909B007999FB /* FirebaseMessaging */ = {
			isa = XCSwiftPackageProductDependency;
			package = 3B95ECB92BA2909B007999FB /* XCRemoteSwiftPackageReference "firebase-ios-sdk" */;
			productName = FirebaseMessaging;
		};
		3B95ECE62BA2909B007999FB /* FirebasePerformance */ = {
			isa = XCSwiftPackageProductDependency;
			package = 3B95ECB92BA2909B007999FB /* XCRemoteSwiftPackageReference "firebase-ios-sdk" */;
			productName = FirebasePerformance;
		};
		3B95ECE82BA2909B007999FB /* FirebaseRemoteConfig */ = {
			isa = XCSwiftPackageProductDependency;
			package = 3B95ECB92BA2909B007999FB /* XCRemoteSwiftPackageReference "firebase-ios-sdk" */;
			productName = FirebaseRemoteConfig;
		};
		3B95ECEA2BA2909B007999FB /* FirebaseRemoteConfigSwift */ = {
			isa = XCSwiftPackageProductDependency;
			package = 3B95ECB92BA2909B007999FB /* XCRemoteSwiftPackageReference "firebase-ios-sdk" */;
			productName = FirebaseRemoteConfigSwift;
		};
		3B95ECEC2BA2909B007999FB /* FirebaseStorage */ = {
			isa = XCSwiftPackageProductDependency;
			package = 3B95ECB92BA2909B007999FB /* XCRemoteSwiftPackageReference "firebase-ios-sdk" */;
			productName = FirebaseStorage;
		};
		3B95ECEE2BA2909B007999FB /* FirebaseStorageCombine-Community */ = {
			isa = XCSwiftPackageProductDependency;
			package = 3B95ECB92BA2909B007999FB /* XCRemoteSwiftPackageReference "firebase-ios-sdk" */;
			productName = "FirebaseStorageCombine-Community";
		};
/* End XCSwiftPackageProductDependency section */
	};
	rootObject = 3B95ECA02BA28F47007999FB /* Project object */;
}
